PODS:
  - CocoaMQTT (2.1.6):
    - CocoaMQTT/Core (= 2.1.6)
  - CocoaMQTT/Core (2.1.6):
    - MqttCocoaAsyncSocket (~> 1.0.8)
  - MqttCocoaAsyncSocket (1.0.8)
  - SnapKit (5.6.0)

DEPENDENCIES:
  - CocoaMQTT
  - SnapKit

SPEC REPOS:
  trunk:
    - CocoaMQTT
    - MqttCocoaAsyncSocket
    - SnapKit

SPEC CHECKSUMS:
  CocoaMQTT: 1f206228b29318eabdacad0c2e4e88575922c27a
  MqttCocoaAsyncSocket: 77d3b74f76228dd5a05d1f9526eab101d415b30c
  SnapKit: e01d52ebb8ddbc333eefe2132acf85c8227d9c25

PODFILE CHECKSUM: e24b91580cd97f053f051d840f3450117b30b183

COCOAPODS: 1.15.0
